
Microsoft Visual Studio Solution File, Format Version 12.00
# 
Project("{FAE04EC0-301F-11D3-BF4B-00C04F79EFBC}") = "1-Properties", "1-Properties\1-Properties.csproj", "{1E2941E4-363A-4413-98F7-C1EE05100695}"
EndProject
Project("{FAE04EC0-301F-11D3-BF4B-00C04F79EFBC}") = "2-ComplexAlgebra", "2-ComplexAlgebra\2-ComplexAlgebra.csproj", "{D9B3FDB9-709B-4030-B19E-E7E09B31FD2C}"
EndProject
Project("{FAE04EC0-301F-11D3-BF4B-00C04F79EFBC}") = "3-Calculus", "3-Calculus\3-Calculus.csproj", "{D33F96E2-D77D-4883-97F7-79F492948528}"
EndProject
Project("{FAE04EC0-301F-11D3-BF4B-00C04F79EFBC}") = "4-Arrays", "4-Arrays\4-Arrays.csproj", "{811ED835-6213-4082-BF02-5FE824FB0DAB}"
EndProject
Project("{FAE04EC0-301F-11D3-BF4B-00C04F79EFBC}") = "5-Iterators", "5-Iterators\5-Iterators.csproj", "{FA859A1C-96D7-4C35-BA80-AAA45E2664A2}"
EndProject
Project("{FAE04EC0-301F-11D3-BF4B-00C04F79EFBC}") = "6-Indexers", "6-Indexers\6-Indexers.csproj", "{BC5A15FB-8E4D-4632-887E-7AC24F16C881}"
EndProject
Project("{FAE04EC0-301F-11D3-BF4B-00C04F79EFBC}") = "IndexersTests", "6-IndexersTests\IndexersTests.csproj", "{A246532E-E575-4300-B4B0-E20BE7F0ED6B}"
EndProject
Global
	GlobalSection(SolutionConfigurationPlatforms) = preSolution
		Debug|Any CPU = Debug|Any CPU
		Release|Any CPU = Release|Any CPU
	EndGlobalSection
	GlobalSection(ProjectConfigurationPlatforms) = postSolution
		{1E2941E4-363A-4413-98F7-C1EE05100695}.Debug|Any CPU.ActiveCfg = Debug|Any CPU
		{1E2941E4-363A-4413-98F7-C1EE05100695}.Debug|Any CPU.Build.0 = Debug|Any CPU
		{1E2941E4-363A-4413-98F7-C1EE05100695}.Release|Any CPU.ActiveCfg = Release|Any CPU
		{1E2941E4-363A-4413-98F7-C1EE05100695}.Release|Any CPU.Build.0 = Release|Any CPU
		{D9B3FDB9-709B-4030-B19E-E7E09B31FD2C}.Debug|Any CPU.ActiveCfg = Debug|Any CPU
		{D9B3FDB9-709B-4030-B19E-E7E09B31FD2C}.Debug|Any CPU.Build.0 = Debug|Any CPU
		{D9B3FDB9-709B-4030-B19E-E7E09B31FD2C}.Release|Any CPU.ActiveCfg = Release|Any CPU
		{D9B3FDB9-709B-4030-B19E-E7E09B31FD2C}.Release|Any CPU.Build.0 = Release|Any CPU
		{D33F96E2-D77D-4883-97F7-79F492948528}.Debug|Any CPU.ActiveCfg = Debug|Any CPU
		{D33F96E2-D77D-4883-97F7-79F492948528}.Debug|Any CPU.Build.0 = Debug|Any CPU
		{D33F96E2-D77D-4883-97F7-79F492948528}.Release|Any CPU.ActiveCfg = Release|Any CPU
		{D33F96E2-D77D-4883-97F7-79F492948528}.Release|Any CPU.Build.0 = Release|Any CPU
		{811ED835-6213-4082-BF02-5FE824FB0DAB}.Debug|Any CPU.ActiveCfg = Debug|Any CPU
		{811ED835-6213-4082-BF02-5FE824FB0DAB}.Debug|Any CPU.Build.0 = Debug|Any CPU
		{811ED835-6213-4082-BF02-5FE824FB0DAB}.Release|Any CPU.ActiveCfg = Release|Any CPU
		{811ED835-6213-4082-BF02-5FE824FB0DAB}.Release|Any CPU.Build.0 = Release|Any CPU
		{FA859A1C-96D7-4C35-BA80-AAA45E2664A2}.Debug|Any CPU.ActiveCfg = Debug|Any CPU
		{FA859A1C-96D7-4C35-BA80-AAA45E2664A2}.Debug|Any CPU.Build.0 = Debug|Any CPU
		{FA859A1C-96D7-4C35-BA80-AAA45E2664A2}.Release|Any CPU.ActiveCfg = Release|Any CPU
		{FA859A1C-96D7-4C35-BA80-AAA45E2664A2}.Release|Any CPU.Build.0 = Release|Any CPU
		{BC5A15FB-8E4D-4632-887E-7AC24F16C881}.Debug|Any CPU.ActiveCfg = Debug|Any CPU
		{BC5A15FB-8E4D-4632-887E-7AC24F16C881}.Debug|Any CPU.Build.0 = Debug|Any CPU
		{BC5A15FB-8E4D-4632-887E-7AC24F16C881}.Release|Any CPU.ActiveCfg = Release|Any CPU
		{BC5A15FB-8E4D-4632-887E-7AC24F16C881}.Release|Any CPU.Build.0 = Release|Any CPU
		{A246532E-E575-4300-B4B0-E20BE7F0ED6B}.Debug|Any CPU.ActiveCfg = Debug|Any CPU
		{A246532E-E575-4300-B4B0-E20BE7F0ED6B}.Debug|Any CPU.Build.0 = Debug|Any CPU
		{A246532E-E575-4300-B4B0-E20BE7F0ED6B}.Release|Any CPU.ActiveCfg = Release|Any CPU
		{A246532E-E575-4300-B4B0-E20BE7F0ED6B}.Release|Any CPU.Build.0 = Release|Any CPU
	EndGlobalSection
EndGlobal
